
Microsoft Visual Studio Solution File, Format Version 12.00
# Visual Studio Version 16
VisualStudioVersion = 16.0.32802.440
MinimumVisualStudioVersion = 10.0.40219.1
Project("{FAE04EC0-301F-11D3-BF4B-00C04F79EFBC}") = "JovemProgramadorMVC", "JovemProgramadorMVC\JovemProgramadorMVC.csproj", "{E029A918-F8C7-47FB-989A-8F95E2F8F848}"
EndProject
Global
	GlobalSection(SolutionConfigurationPlatforms) = preSolution
		Debug|Any CPU = Debug|Any CPU
		Release|Any CPU = Release|Any CPU
	EndGlobalSection
	GlobalSection(ProjectConfigurationPlatforms) = postSolution
		{E029A918-F8C7-47FB-989A-8F95E2F8F848}.Debug|Any CPU.ActiveCfg = Debug|Any CPU
		{E029A918-F8C7-47FB-989A-8F95E2F8F848}.Debug|Any CPU.Build.0 = Debug|Any CPU
		{E029A918-F8C7-47FB-989A-8F95E2F8F848}.Release|Any CPU.ActiveCfg = Release|Any CPU
		{E029A918-F8C7-47FB-989A-8F95E2F8F848}.Release|Any CPU.Build.0 = Release|Any CPU
	EndGlobalSection
	GlobalSection(SolutionProperties) = preSolution
		HideSolutionNode = FALSE
	EndGlobalSection
	GlobalSection(ExtensibilityGlobals) = postSolution
		SolutionGuid = {FBD17A95-BB88-4F38-8BC6-01FFA1B89476}
	EndGlobalSection
EndGlobal
